version: 2.0
shards:
  avram:
    git: https://github.com/luckyframework/avram.git
    version: 0.16.1

  blank:
    git: https://github.com/kostya/blank.git
    version: 0.1.0

  carbon:
    git: https://github.com/luckyframework/carbon.git
    version: 0.1.2

  cry:
    git: https://github.com/paulcsmith/cry.git
    version: 0.4.2

  db:
    git: https://github.com/crystal-lang/crystal-db.git
    version: 0.9.0

  dexter:
    git: https://github.com/luckyframework/dexter.git
    version: 0.3.1

  dotenv:
    git: https://github.com/gdotdesign/cr-dotenv.git
    version: 0.7.0

  exception_page:
    git: https://github.com/crystal-loot/exception_page.git
    version: 0.1.4

  fusionauth_client:
    git: https://github.com/mdwagner/fusionauth-crystal-client.git
    version: 0.1.0+git.commit.f874dbe2f4ab0aa46e95edcbbcb051ab1b1615d3

  future:
    git: https://github.com/crystal-community/future.cr.git
    version: 0.1.0

  habitat:
    git: https://github.com/luckyframework/habitat.git
    version: 0.4.4

  lucky:
    git: https://github.com/luckyframework/lucky.git
    version: 0.23.0

  lucky_cli:
    git: https://github.com/luckyframework/lucky_cli.git
    version: 0.23.1

  lucky_router:
    git: https://github.com/luckyframework/lucky_router.git
    version: 0.3.0

  pg:
    git: https://github.com/will/crystal-pg.git
    version: 0.21.1

  shell-table:
    git: https://github.com/luckyframework/shell-table.cr.git
    version: 0.9.2+git.commit.078a04ea58ead5203bb435a3b5fff448ddabaeea

  teeplate:
    git: https://github.com/luckyframework/teeplate.git
    version: 0.8.2

  webmock:
    git: https://github.com/manastech/webmock.cr.git
    version: 0.13.0+git.commit.bb3eab30f6c7d1fdc0a7ff14cd136d68e860d1a7

  wordsmith:
    git: https://github.com/luckyframework/wordsmith.git
    version: 0.2.0

